# THIS IS AN AUTOGENERATED FILE. DO NOT EDIT THIS FILE DIRECTLY.
# yarn lockfile v1


"@ffmpeg-installer/darwin-x64@4.0.1":
  version "4.0.1"
  resolved "https://registry.yarnpkg.com/@ffmpeg-installer/darwin-x64/-/darwin-x64-4.0.1.tgz#09313d117b14e1386bfbc76b813c2eae130da9af"

"@ffmpeg-installer/ffmpeg@^1.0.9":
  version "1.0.9"
  resolved "https://registry.yarnpkg.com/@ffmpeg-installer/ffmpeg/-/ffmpeg-1.0.9.tgz#a9b800af504abf7ad8f87c135ea57c3592924831"
  optionalDependencies:
    "@ffmpeg-installer/darwin-x64" "4.0.1"
    "@ffmpeg-installer/linux-ia32" "4.0.0"
    "@ffmpeg-installer/linux-x64" "4.0.0"
    "@ffmpeg-installer/win32-ia32" "4.0.1"
    "@ffmpeg-installer/win32-x64" "4.0.0"

"@ffmpeg-installer/linux-ia32@4.0.0":
  version "4.0.0"
  resolved "https://registry.yarnpkg.com/@ffmpeg-installer/linux-ia32/-/linux-ia32-4.0.0.tgz#5699471da52a7c5ec58b124381b0a15f8a839c97"

"@ffmpeg-installer/linux-x64@4.0.0":
  version "4.0.0"
  resolved "https://registry.yarnpkg.com/@ffmpeg-installer/linux-x64/-/linux-x64-4.0.0.tgz#dd16013a5678203458784bf0167b737819ca51d2"

"@ffmpeg-installer/win32-ia32@4.0.1":
  version "4.0.1"
  resolved "https://registry.yarnpkg.com/@ffmpeg-installer/win32-ia32/-/win32-ia32-4.0.1.tgz#bb89bbb9d95ad59857eeb21b368b656f2c4ec449"

"@ffmpeg-installer/win32-x64@4.0.0":
  version "4.0.0"
  resolved "https://registry.yarnpkg.com/@ffmpeg-installer/win32-x64/-/win32-x64-4.0.0.tgz#fbfaa382a3928bb0ba62ac5d3289e27309036e04"

async@>=0.2.9:
  version "2.1.4"
  resolved "https://registry.yarnpkg.com/async/-/async-2.1.4.tgz#2d2160c7788032e4dd6cbe2502f1f9a2c8f6cde4"
  dependencies:
    lodash "^4.14.0"

colors@>=0.6.0:
  version "1.1.2"
  resolved "https://registry.yarnpkg.com/colors/-/colors-1.1.2.tgz#168a4701756b6a7f51a12ce0c97bfa28c084ed63"

es6-promise@^2.3.0:
  version "2.3.0"
  resolved "https://registry.yarnpkg.com/es6-promise/-/es6-promise-2.3.0.tgz#96edb9f2fdb01995822b263dd8aadab6748181bc"

fluent-ffmpeg@^2.1.0:
  version "2.1.0"
  resolved "https://registry.yarnpkg.com/fluent-ffmpeg/-/fluent-ffmpeg-2.1.0.tgz#e6ab85e75ba8e49119a3900cd9df10d39831d392"
  dependencies:
    async ">=0.2.9"
    which "^1.1.1"

form-urlencoded@^0.1.4:
  version "0.1.9"
  resolved "https://registry.yarnpkg.com/form-urlencoded/-/form-urlencoded-0.1.9.tgz#0a8b82700dd2450a1fedaece999c7b335fb29d62"

giphy-api@^1.2.3:
  version "1.2.3"
  resolved "https://registry.yarnpkg.com/giphy-api/-/giphy-api-1.2.3.tgz#c43f513829c744b8c96dbc7af414e4aeb61a5384"

isexe@^1.1.1:
  version "1.1.2"
  resolved "https://registry.yarnpkg.com/isexe/-/isexe-1.1.2.tgz#36f3e22e60750920f5e7241a476a8c6a42275ad0"

lodash@^4.14.0:
  version "4.17.4"
  resolved "https://registry.yarnpkg.com/lodash/-/lodash-4.17.4.tgz#78203a4d1c328ae1d86dca6460e369b57f4055ae"

mime@>=1.2.9:
  version "1.3.4"
  resolved "https://registry.yarnpkg.com/mime/-/mime-1.3.4.tgz#115f9e3b6b3daf2959983cb38f149a2d40eb5d53"

minimist@~0.0.1:
  version "0.0.10"
  resolved "https://registry.yarnpkg.com/minimist/-/minimist-0.0.10.tgz#de3f98543dbf96082be48ad1a0c7cda836301dcf"

node-static@^0.7.7:
  version "0.7.9"
  resolved "https://registry.yarnpkg.com/node-static/-/node-static-0.7.9.tgz#9bb69fce2281f7ae3cd1fb983e9ea0ec0cd9fecb"
  dependencies:
    colors ">=0.6.0"
    mime ">=1.2.9"
    optimist ">=0.3.4"

optimist@>=0.3.4:
  version "0.6.1"
  resolved "https://registry.yarnpkg.com/optimist/-/optimist-0.6.1.tgz#da3ea74686fa21a19a111c326e90eb15a0196686"
  dependencies:
    minimist "~0.0.1"
    wordwrap "~0.0.2"

query-string@^2.3.0:
  version "2.4.2"
  resolved "https://registry.yarnpkg.com/query-string/-/query-string-2.4.2.tgz#7db0666420804baa92ae9f268962855a76143dfb"
  dependencies:
    strict-uri-encode "^1.0.0"

soundcloud@^3.1.2:
  version "3.1.2"
  resolved "https://registry.yarnpkg.com/soundcloud/-/soundcloud-3.1.2.tgz#a4ab2b1e14ec3195f6eaf89e742812e47f7954aa"
  dependencies:
    es6-promise "^2.3.0"
    form-urlencoded "^0.1.4"
    node-static "^0.7.7"
    query-string "^2.3.0"

strict-uri-encode@^1.0.0:
  version "1.1.0"
  resolved "https://registry.yarnpkg.com/strict-uri-encode/-/strict-uri-encode-1.1.0.tgz#279b225df1d582b1f54e65addd4352e18faa0713"

which@^1.1.1:
  version "1.2.12"
  resolved "https://registry.yarnpkg.com/which/-/which-1.2.12.tgz#de67b5e450269f194909ef23ece4ebe416fa1192"
  dependencies:
    isexe "^1.1.1"

wordwrap@~0.0.2:
  version "0.0.3"
  resolved "https://registry.yarnpkg.com/wordwrap/-/wordwrap-0.0.3.tgz#a3d5da6cd5c0bc0008d37234bbaf1bed63059107"
